// !$*UTF8*$!
{
	archiveVersion = 1;
	classes = {
	};
	objectVersion = 52;
	objects = {

/* Begin PBXBuildFile section */
		D606C530257C3719007C3399 /* SocketIO in Frameworks */ = {isa = PBXBuildFile; productRef = D606C52F257C3719007C3399 /* SocketIO */; };
		D606C532257C3736007C3399 /* SocketIOManager.swift in Sources */ = {isa = PBXBuildFile; fileRef = D606C531257C3736007C3399 /* SocketIOManager.swift */; };
		D606C535257E6CB3007C3399 /* BlackOpsOne-Regular.ttf in Resources */ = {isa = PBXBuildFile; fileRef = D606C533257E6B1D007C3399 /* BlackOpsOne-Regular.ttf */; };
		D60E989A25793F0F00BF753F /* AllTheWayUp.mp3 in Resources */ = {isa = PBXBuildFile; fileRef = D60E989925793F0F00BF753F /* AllTheWayUp.mp3 */; };
		D64AFA8125641CD6009FC505 /* AppDelegate.swift in Sources */ = {isa = PBXBuildFile; fileRef = D64AFA8025641CD6009FC505 /* AppDelegate.swift */; };
		D64AFA8325641CD6009FC505 /* SceneDelegate.swift in Sources */ = {isa = PBXBuildFile; fileRef = D64AFA8225641CD6009FC505 /* SceneDelegate.swift */; };
		D64AFA8525641CD7009FC505 /* ViewController.swift in Sources */ = {isa = PBXBuildFile; fileRef = D64AFA8425641CD7009FC505 /* ViewController.swift */; };
		D64AFA8825641CD7009FC505 /* Main.storyboard in Resources */ = {isa = PBXBuildFile; fileRef = D64AFA8625641CD7009FC505 /* Main.storyboard */; };
		D64AFA8A25641CDD009FC505 /* Assets.xcassets in Resources */ = {isa = PBXBuildFile; fileRef = D64AFA8925641CDD009FC505 /* Assets.xcassets */; };
		D64AFA8D25641CDD009FC505 /* LaunchScreen.storyboard in Resources */ = {isa = PBXBuildFile; fileRef = D64AFA8B25641CDD009FC505 /* LaunchScreen.storyboard */; };
		D652DD042576B0DB00DCDD34 /* Animations.swift in Sources */ = {isa = PBXBuildFile; fileRef = D652DD032576B0DB00DCDD34 /* Animations.swift */; };
/* End PBXBuildFile section */

/* Begin PBXFileReference section */
		D606C531257C3736007C3399 /* SocketIOManager.swift */ = {isa = PBXFileReference; lastKnownFileType = sourcecode.swift; path = SocketIOManager.swift; sourceTree = "<group>"; };
		D606C533257E6B1D007C3399 /* BlackOpsOne-Regular.ttf */ = {isa = PBXFileReference; lastKnownFileType = file; path = "BlackOpsOne-Regular.ttf"; sourceTree = "<group>"; };
		D60E98942579353600BF753F /* README.md */ = {isa = PBXFileReference; lastKnownFileType = net.daringfireball.markdown; path = README.md; sourceTree = "<group>"; };
		D60E989925793F0F00BF753F /* AllTheWayUp.mp3 */ = {isa = PBXFileReference; lastKnownFileType = audio.mp3; name = AllTheWayUp.mp3; path = War/SoundsForWAR/AllTheWayUp.mp3; sourceTree = SOURCE_ROOT; };
		D64AFA7D25641CD6009FC505 /* War.app */ = {isa = PBXFileReference; explicitFileType = wrapper.application; includeInIndex = 0; path = War.app; sourceTree = BUILT_PRODUCTS_DIR; };
		D64AFA8025641CD6009FC505 /* AppDelegate.swift */ = {isa = PBXFileReference; lastKnownFileType = sourcecode.swift; path = AppDelegate.swift; sourceTree = "<group>"; };
		D64AFA8225641CD6009FC505 /* SceneDelegate.swift */ = {isa = PBXFileReference; lastKnownFileType = sourcecode.swift; path = SceneDelegate.swift; sourceTree = "<group>"; };
		D64AFA8425641CD7009FC505 /* ViewController.swift */ = {isa = PBXFileReference; lastKnownFileType = sourcecode.swift; path = ViewController.swift; sourceTree = "<group>"; };
		D64AFA8725641CD7009FC505 /* Base */ = {isa = PBXFileReference; lastKnownFileType = file.storyboard; name = Base; path = Base.lproj/Main.storyboard; sourceTree = "<group>"; };
		D64AFA8925641CDD009FC505 /* Assets.xcassets */ = {isa = PBXFileReference; lastKnownFileType = folder.assetcatalog; path = Assets.xcassets; sourceTree = "<group>"; };
		D64AFA8C25641CDD009FC505 /* Base */ = {isa = PBXFileReference; lastKnownFileType = file.storyboard; name = Base; path = Base.lproj/LaunchScreen.storyboard; sourceTree = "<group>"; };
		D64AFA8E25641CDD009FC505 /* Info.plist */ = {isa = PBXFileReference; lastKnownFileType = text.plist.xml; path = Info.plist; sourceTree = "<group>"; };
		D652DD032576B0DB00DCDD34 /* Animations.swift */ = {isa = PBXFileReference; lastKnownFileType = sourcecode.swift; path = Animations.swift; sourceTree = "<group>"; };
/* End PBXFileReference section */

/* Begin PBXFrameworksBuildPhase section */
		D64AFA7A25641CD6009FC505 /* Frameworks */ = {
			isa = PBXFrameworksBuildPhase;
			buildActionMask = 2147483647;
			files = (
				D606C530257C3719007C3399 /* SocketIO in Frameworks */,
			);
			runOnlyForDeploymentPostprocessing = 0;
		};
/* End PBXFrameworksBuildPhase section */

/* Begin PBXGroup section */
		D606C534257E6BF8007C3399 /* Fonts */ = {
			isa = PBXGroup;
			children = (
				D606C533257E6B1D007C3399 /* BlackOpsOne-Regular.ttf */,
			);
			path = Fonts;
			sourceTree = "<group>";
		};
		D60E989825793ED900BF753F /* Sounds */ = {
			isa = PBXGroup;
			children = (
				D60E989925793F0F00BF753F /* AllTheWayUp.mp3 */,
			);
			path = Sounds;
			sourceTree = "<group>";
		};
		D64AFA7425641CD6009FC505 = {
			isa = PBXGroup;
			children = (
				D64AFA7F25641CD6009FC505 /* War */,
				D64AFA7E25641CD6009FC505 /* Products */,
			);
			sourceTree = "<group>";
		};
		D64AFA7E25641CD6009FC505 /* Products */ = {
			isa = PBXGroup;
			children = (
				D64AFA7D25641CD6009FC505 /* War.app */,
			);
			name = Products;
			sourceTree = "<group>";
		};
		D64AFA7F25641CD6009FC505 /* War */ = {
			isa = PBXGroup;
			children = (
				D606C534257E6BF8007C3399 /* Fonts */,
				D60E989825793ED900BF753F /* Sounds */,
				D64AFA8025641CD6009FC505 /* AppDelegate.swift */,
				D64AFA8225641CD6009FC505 /* SceneDelegate.swift */,
				D64AFA8425641CD7009FC505 /* ViewController.swift */,
				D606C531257C3736007C3399 /* SocketIOManager.swift */,
				D652DD032576B0DB00DCDD34 /* Animations.swift */,
				D64AFA8625641CD7009FC505 /* Main.storyboard */,
				D64AFA8925641CDD009FC505 /* Assets.xcassets */,
				D64AFA8B25641CDD009FC505 /* LaunchScreen.storyboard */,
				D64AFA8E25641CDD009FC505 /* Info.plist */,
				D60E98942579353600BF753F /* README.md */,
			);
			path = War;
			sourceTree = "<group>";
		};
/* End PBXGroup section */

/* Begin PBXNativeTarget section */
		D64AFA7C25641CD6009FC505 /* War */ = {
			isa = PBXNativeTarget;
			buildConfigurationList = D64AFA9125641CDD009FC505 /* Build configuration list for PBXNativeTarget "War" */;
			buildPhases = (
				D64AFA7925641CD6009FC505 /* Sources */,
				D64AFA7A25641CD6009FC505 /* Frameworks */,
				D64AFA7B25641CD6009FC505 /* Resources */,
			);
			buildRules = (
			);
			dependencies = (
			);
			name = War;
			packageProductDependencies = (
				D606C52F257C3719007C3399 /* SocketIO */,
			);
			productName = War;
			productReference = D64AFA7D25641CD6009FC505 /* War.app */;
			productType = "com.apple.product-type.application";
		};
/* End PBXNativeTarget section */

/* Begin PBXProject section */
		D64AFA7525641CD6009FC505 /* Project object */ = {
			isa = PBXProject;
			attributes = {
				LastSwiftUpdateCheck = 1170;
				LastUpgradeCheck = 1170;
				ORGANIZATIONNAME = "David Cho";
				TargetAttributes = {
					D64AFA7C25641CD6009FC505 = {
						CreatedOnToolsVersion = 11.7;
					};
				};
			};
			buildConfigurationList = D64AFA7825641CD6009FC505 /* Build configuration list for PBXProject "War" */;
			compatibilityVersion = "Xcode 9.3";
			developmentRegion = en;
			hasScannedForEncodings = 0;
			knownRegions = (
				en,
				Base,
			);
			mainGroup = D64AFA7425641CD6009FC505;
			packageReferences = (
				D606C52E257C3719007C3399 /* XCRemoteSwiftPackageReference "socket" */,
			);
			productRefGroup = D64AFA7E25641CD6009FC505 /* Products */;
			projectDirPath = "";
			projectRoot = "";
			targets = (
				D64AFA7C25641CD6009FC505 /* War */,
			);
		};
/* End PBXProject section */

/* Begin PBXResourcesBuildPhase section */
		D64AFA7B25641CD6009FC505 /* Resources */ = {
			isa = PBXResourcesBuildPhase;
			buildActionMask = 2147483647;
			files = (
				D606C535257E6CB3007C3399 /* BlackOpsOne-Regular.ttf in Resources */,
				D64AFA8D25641CDD009FC505 /* LaunchScreen.storyboard in Resources */,
				D64AFA8A25641CDD009FC505 /* Assets.xcassets in Resources */,
				D64AFA8825641CD7009FC505 /* Main.storyboard in Resources */,
				D60E989A25793F0F00BF753F /* AllTheWayUp.mp3 in Resources */,
			);
			runOnlyForDeploymentPostprocessing = 0;
		};
/* End PBXResourcesBuildPhase section */

/* Begin PBXSourcesBuildPhase section */
		D64AFA7925641CD6009FC505 /* Sources */ = {
			isa = PBXSourcesBuildPhase;
			buildActionMask = 2147483647;
			files = (
				D64AFA8525641CD7009FC505 /* ViewController.swift in Sources */,
				D606C532257C3736007C3399 /* SocketIOManager.swift in Sources */,
				D64AFA8125641CD6009FC505 /* AppDelegate.swift in Sources */,
				D652DD042576B0DB00DCDD34 /* Animations.swift in Sources */,
				D64AFA8325641CD6009FC505 /* SceneDelegate.swift in Sources */,
			);
			runOnlyForDeploymentPostprocessing = 0;
		};
/* End PBXSourcesBuildPhase section */

/* Begin PBXVariantGroup section */
		D64AFA8625641CD7009FC505 /* Main.storyboard */ = {
			isa = PBXVariantGroup;
			children = (
				D64AFA8725641CD7009FC505 /* Base */,
			);
			name = Main.storyboard;
			sourceTree = "<group>";
		};
		D64AFA8B25641CDD009FC505 /* LaunchScreen.storyboard */ = {
			isa = PBXVariantGroup;
			children = (
				D64AFA8C25641CDD009FC505 /* Base */,
			);
			name = LaunchScreen.storyboard;
			sourceTree = "<group>";
		};
/* End PBXVariantGroup section */

/* Begin XCBuildConfiguration section */
		D64AFA8F25641CDD009FC505 /* Debug */ = {
			isa = XCBuildConfiguration;
			buildSettings = {
				ALWAYS_SEARCH_USER_PATHS = NO;
				CLANG_ANALYZER_NONNULL = YES;
				CLANG_ANALYZER_NUMBER_OBJECT_CONVERSION = YES_AGGRESSIVE;
				CLANG_CXX_LANGUAGE_STANDARD = "gnu++14";
				CLANG_CXX_LIBRARY = "libc++";
				CLANG_ENABLE_MODULES = YES;
				CLANG_ENABLE_OBJC_ARC = YES;
				CLANG_ENABLE_OBJC_WEAK = YES;
				CLANG_WARN_BLOCK_CAPTURE_AUTORELEASING = YES;
				CLANG_WARN_BOOL_CONVERSION = YES;
				CLANG_WARN_COMMA = YES;
				CLANG_WARN_CONSTANT_CONVERSION = YES;
				CLANG_WARN_DEPRECATED_OBJC_IMPLEMENTATIONS = YES;
				CLANG_WARN_DIRECT_OBJC_ISA_USAGE = YES_ERROR;
				CLANG_WARN_DOCUMENTATION_COMMENTS = YES;
				CLANG_WARN_EMPTY_BODY = YES;
				CLANG_WARN_ENUM_CONVERSION = YES;
				CLANG_WARN_INFINITE_RECURSION = YES;
				CLANG_WARN_INT_CONVERSION = YES;
				CLANG_WARN_NON_LITERAL_NULL_CONVERSION = YES;
				CLANG_WARN_OBJC_IMPLICIT_RETAIN_SELF = YES;
				CLANG_WARN_OBJC_LITERAL_CONVERSION = YES;
				CLANG_WARN_OBJC_ROOT_CLASS = YES_ERROR;
				CLANG_WARN_RANGE_LOOP_ANALYSIS = YES;
				CLANG_WARN_STRICT_PROTOTYPES = YES;
				CLANG_WARN_SUSPICIOUS_MOVE = YES;
				CLANG_WARN_UNGUARDED_AVAILABILITY = YES_AGGRESSIVE;
				CLANG_WARN_UNREACHABLE_CODE = YES;
				CLANG_WARN__DUPLICATE_METHOD_MATCH = YES;
				COPY_PHASE_STRIP = NO;
				DEBUG_INFORMATION_FORMAT = dwarf;
				ENABLE_STRICT_OBJC_MSGSEND = YES;
				ENABLE_TESTABILITY = YES;
				GCC_C_LANGUAGE_STANDARD = gnu11;
				GCC_DYNAMIC_NO_PIC = NO;
				GCC_NO_COMMON_BLOCKS = YES;
				GCC_OPTIMIZATION_LEVEL = 0;
				GCC_PREPROCESSOR_DEFINITIONS = (
					"DEBUG=1",
					"$(inherited)",
				);
				GCC_WARN_64_TO_32_BIT_CONVERSION = YES;
				GCC_WARN_ABOUT_RETURN_TYPE = YES_ERROR;
				GCC_WARN_UNDECLARED_SELECTOR = YES;
				GCC_WARN_UNINITIALIZED_AUTOS = YES_AGGRESSIVE;
				GCC_WARN_UNUSED_FUNCTION = YES;
				GCC_WARN_UNUSED_VARIABLE = YES;
				IPHONEOS_DEPLOYMENT_TARGET = 13.7;
				MTL_ENABLE_DEBUG_INFO = INCLUDE_SOURCE;
				MTL_FAST_MATH = YES;
				ONLY_ACTIVE_ARCH = YES;
				SDKROOT = iphoneos;
				SWIFT_ACTIVE_COMPILATION_CONDITIONS = DEBUG;
				SWIFT_OPTIMIZATION_LEVEL = "-Onone";
			};
			name = Debug;
		};
		D64AFA9025641CDD009FC505 /* Release */ = {
			isa = XCBuildConfiguration;
			buildSettings = {
				ALWAYS_SEARCH_USER_PATHS = NO;
				CLANG_ANALYZER_NONNULL = YES;
				CLANG_ANALYZER_NUMBER_OBJECT_CONVERSION = YES_AGGRESSIVE;
				CLANG_CXX_LANGUAGE_STANDARD = "gnu++14";
				CLANG_CXX_LIBRARY = "libc++";
				CLANG_ENABLE_MODULES = YES;
				CLANG_ENABLE_OBJC_ARC = YES;
				CLANG_ENABLE_OBJC_WEAK = YES;
				CLANG_WARN_BLOCK_CAPTURE_AUTORELEASING = YES;
				CLANG_WARN_BOOL_CONVERSION = YES;
				CLANG_WARN_COMMA = YES;
				CLANG_WARN_CONSTANT_CONVERSION = YES;
				CLANG_WARN_DEPRECATED_OBJC_IMPLEMENTATIONS = YES;
				CLANG_WARN_DIRECT_OBJC_ISA_USAGE = YES_ERROR;
				CLANG_WARN_DOCUMENTATION_COMMENTS = YES;
				CLANG_WARN_EMPTY_BODY = YES;
				CLANG_WARN_ENUM_CONVERSION = YES;
				CLANG_WARN_INFINITE_RECURSION = YES;
				CLANG_WARN_INT_CONVERSION = YES;
				CLANG_WARN_NON_LITERAL_NULL_CONVERSION = YES;
				CLANG_WARN_OBJC_IMPLICIT_RETAIN_SELF = YES;
				CLANG_WARN_OBJC_LITERAL_CONVERSION = YES;
				CLANG_WARN_OBJC_ROOT_CLASS = YES_ERROR;
				CLANG_WARN_RANGE_LOOP_ANALYSIS = YES;
				CLANG_WARN_STRICT_PROTOTYPES = YES;
				CLANG_WARN_SUSPICIOUS_MOVE = YES;
				CLANG_WARN_UNGUARDED_AVAILABILITY = YES_AGGRESSIVE;
				CLANG_WARN_UNREACHABLE_CODE = YES;
				CLANG_WARN__DUPLICATE_METHOD_MATCH = YES;
				COPY_PHASE_STRIP = NO;
				DEBUG_INFORMATION_FORMAT = "dwarf-with-dsym";
				ENABLE_NS_ASSERTIONS = NO;
				ENABLE_STRICT_OBJC_MSGSEND = YES;
				GCC_C_LANGUAGE_STANDARD = gnu11;
				GCC_NO_COMMON_BLOCKS = YES;
				GCC_WARN_64_TO_32_BIT_CONVERSION = YES;
				GCC_WARN_ABOUT_RETURN_TYPE = YES_ERROR;
				GCC_WARN_UNDECLARED_SELECTOR = YES;
				GCC_WARN_UNINITIALIZED_AUTOS = YES_AGGRESSIVE;
				GCC_WARN_UNUSED_FUNCTION = YES;
				GCC_WARN_UNUSED_VARIABLE = YES;
				IPHONEOS_DEPLOYMENT_TARGET = 13.7;
				MTL_ENABLE_DEBUG_INFO = NO;
				MTL_FAST_MATH = YES;
				SDKROOT = iphoneos;
				SWIFT_COMPILATION_MODE = wholemodule;
				SWIFT_OPTIMIZATION_LEVEL = "-O";
				VALIDATE_PRODUCT = YES;
			};
			name = Release;
		};
		D64AFA9225641CDD009FC505 /* Debug */ = {
			isa = XCBuildConfiguration;
			buildSettings = {
				ASSETCATALOG_COMPILER_APPICON_NAME = AppIcon;
				CODE_SIGN_STYLE = Automatic;
				DEVELOPMENT_TEAM = 4K446X267V;
				INFOPLIST_FILE = War/Info.plist;
				LD_RUNPATH_SEARCH_PATHS = (
					"$(inherited)",
					"@executable_path/Frameworks",
				);
				PRODUCT_BUNDLE_IDENTIFIER = com.westminster.War;
				PRODUCT_NAME = "$(TARGET_NAME)";
				SWIFT_VERSION = 5.0;
				TARGETED_DEVICE_FAMILY = "1,2";
			};
			name = Debug;
		};
		D64AFA9325641CDD009FC505 /* Release */ = {
			isa = XCBuildConfiguration;
			buildSettings = {
				ASSETCATALOG_COMPILER_APPICON_NAME = AppIcon;
				CODE_SIGN_STYLE = Automatic;
				DEVELOPMENT_TEAM = 4K446X267V;
				INFOPLIST_FILE = War/Info.plist;
				LD_RUNPATH_SEARCH_PATHS = (
					"$(inherited)",
					"@executable_path/Frameworks",
				);
				PRODUCT_BUNDLE_IDENTIFIER = com.westminster.War;
				PRODUCT_NAME = "$(TARGET_NAME)";
				SWIFT_VERSION = 5.0;
				TARGETED_DEVICE_FAMILY = "1,2";
			};
			name = Release;
		};
/* End XCBuildConfiguration section */

/* Begin XCConfigurationList section */
		D64AFA7825641CD6009FC505 /* Build configuration list for PBXProject "War" */ = {
			isa = XCConfigurationList;
			buildConfigurations = (
				D64AFA8F25641CDD009FC505 /* Debug */,
				D64AFA9025641CDD009FC505 /* Release */,
			);
			defaultConfigurationIsVisible = 0;
			defaultConfigurationName = Release;
		};
		D64AFA9125641CDD009FC505 /* Build configuration list for PBXNativeTarget "War" */ = {
			isa = XCConfigurationList;
			buildConfigurations = (
				D64AFA9225641CDD009FC505 /* Debug */,
				D64AFA9325641CDD009FC505 /* Release */,
			);
			defaultConfigurationIsVisible = 0;
			defaultConfigurationName = Release;
		};
/* End XCConfigurationList section */

/* Begin XCRemoteSwiftPackageReference section */
		D606C52E257C3719007C3399 /* XCRemoteSwiftPackageReference "socket" */ = {
			isa = XCRemoteSwiftPackageReference;
			repositoryURL = "https://github.com/socketio/socket.io-client-swift";
			requirement = {
				kind = upToNextMajorVersion;
				minimumVersion = 15.2.0;
			};
		};
/* End XCRemoteSwiftPackageReference section */

/* Begin XCSwiftPackageProductDependency section */
		D606C52F257C3719007C3399 /* SocketIO */ = {
			isa = XCSwiftPackageProductDependency;
			package = D606C52E257C3719007C3399 /* XCRemoteSwiftPackageReference "socket" */;
			productName = SocketIO;
		};
/* End XCSwiftPackageProductDependency section */
	};
	rootObject = D64AFA7525641CD6009FC505 /* Project object */;
}
